
Microsoft Visual Studio Solution File, Format Version 12.00
# Visual Studio Version 17
VisualStudioVersion = 17.8.34511.84
MinimumVisualStudioVersion = 10.0.40219.1
Project("{FAE04EC0-301F-11D3-BF4B-00C04F79EFBC}") = "Пятигорская бронза приложение", "Пятигорская бронза приложение.csproj", "{053DDA47-C528-45AA-99E1-86F7D3C6D9BF}"
EndProject
Global
	GlobalSection(SolutionConfigurationPlatforms) = preSolution
		Debug|Any CPU = Debug|Any CPU
		Release|Any CPU = Release|Any CPU
	EndGlobalSection
	GlobalSection(ProjectConfigurationPlatforms) = postSolution
		{053DDA47-C528-45AA-99E1-86F7D3C6D9BF}.Debug|Any CPU.ActiveCfg = Debug|Any CPU
		{053DDA47-C528-45AA-99E1-86F7D3C6D9BF}.Debug|Any CPU.Build.0 = Debug|Any CPU
		{053DDA47-C528-45AA-99E1-86F7D3C6D9BF}.Release|Any CPU.ActiveCfg = Release|Any CPU
		{053DDA47-C528-45AA-99E1-86F7D3C6D9BF}.Release|Any CPU.Build.0 = Release|Any CPU
	EndGlobalSection
	GlobalSection(SolutionProperties) = preSolution
		HideSolutionNode = FALSE
	EndGlobalSection
	GlobalSection(ExtensibilityGlobals) = postSolution
		SolutionGuid = {CA639892-6942-45FE-A3FF-1C04DC9FC19B}
	EndGlobalSection
EndGlobal
